// !$*UTF8*$!
{
	archiveVersion = 1;
	classes = {
	};
	objectVersion = 55;
	objects = {

/* Begin PBXBuildFile section */
		EE7CAC672705DB6600CDAD92 /* SceneDelegate.swift in Sources */ = {isa = PBXBuildFile; fileRef = EE7CAC662705DB6600CDAD92 /* SceneDelegate.swift */; };
		EE7CAC692705DB6600CDAD92 /* ViewController.swift in Sources */ = {isa = PBXBuildFile; fileRef = EE7CAC682705DB6600CDAD92 /* ViewController.swift */; };
		EE7CAC6C2705DB6600CDAD92 /* Main.storyboard in Resources */ = {isa = PBXBuildFile; fileRef = EE7CAC6A2705DB6600CDAD92 /* Main.storyboard */; };
		EE7CAC6E2705DB6700CDAD92 /* Assets.xcassets in Resources */ = {isa = PBXBuildFile; fileRef = EE7CAC6D2705DB6700CDAD92 /* Assets.xcassets */; };
		EE7CAC712705DB6700CDAD92 /* LaunchScreen.storyboard in Resources */ = {isa = PBXBuildFile; fileRef = EE7CAC6F2705DB6700CDAD92 /* LaunchScreen.storyboard */; };
		EE7CAC7C2705DB6700CDAD92 /* sally55Tests.swift in Sources */ = {isa = PBXBuildFile; fileRef = EE7CAC7B2705DB6700CDAD92 /* sally55Tests.swift */; };
		EE7CAC862705DB6700CDAD92 /* sally55UITests.swift in Sources */ = {isa = PBXBuildFile; fileRef = EE7CAC852705DB6700CDAD92 /* sally55UITests.swift */; };
		EE7CAC882705DB6700CDAD92 /* sally55UITestsLaunchTests.swift in Sources */ = {isa = PBXBuildFile; fileRef = EE7CAC872705DB6700CDAD92 /* sally55UITestsLaunchTests.swift */; };
		EE7CAC942705F87900CDAD92 /* AppDelegate.swift in Sources */ = {isa = PBXBuildFile; fileRef = EE7CAC642705DB6600CDAD92 /* AppDelegate.swift */; };
		EE7CAC952705F87B00CDAD92 /* AppDelegate.swift in Sources */ = {isa = PBXBuildFile; fileRef = EE7CAC642705DB6600CDAD92 /* AppDelegate.swift */; };
		EE7CAC962705F87C00CDAD92 /* AppDelegate.swift in Sources */ = {isa = PBXBuildFile; fileRef = EE7CAC642705DB6600CDAD92 /* AppDelegate.swift */; };
/* End PBXBuildFile section */

/* Begin PBXContainerItemProxy section */
		EE7CAC782705DB6700CDAD92 /* PBXContainerItemProxy */ = {
			isa = PBXContainerItemProxy;
			containerPortal = EE7CAC592705DB6600CDAD92 /* Project object */;
			proxyType = 1;
			remoteGlobalIDString = EE7CAC602705DB6600CDAD92;
			remoteInfo = sally55;
		};
		EE7CAC822705DB6700CDAD92 /* PBXContainerItemProxy */ = {
			isa = PBXContainerItemProxy;
			containerPortal = EE7CAC592705DB6600CDAD92 /* Project object */;
			proxyType = 1;
			remoteGlobalIDString = EE7CAC602705DB6600CDAD92;
			remoteInfo = sally55;
		};
/* End PBXContainerItemProxy section */

/* Begin PBXFileReference section */
		EE7CAC612705DB6600CDAD92 /* sally55.app */ = {isa = PBXFileReference; explicitFileType = wrapper.application; includeInIndex = 0; path = sally55.app; sourceTree = BUILT_PRODUCTS_DIR; };
		EE7CAC642705DB6600CDAD92 /* AppDelegate.swift */ = {isa = PBXFileReference; lastKnownFileType = sourcecode.swift; path = AppDelegate.swift; sourceTree = "<group>"; };
		EE7CAC662705DB6600CDAD92 /* SceneDelegate.swift */ = {isa = PBXFileReference; lastKnownFileType = sourcecode.swift; path = SceneDelegate.swift; sourceTree = "<group>"; };
		EE7CAC682705DB6600CDAD92 /* ViewController.swift */ = {isa = PBXFileReference; lastKnownFileType = sourcecode.swift; path = ViewController.swift; sourceTree = "<group>"; };
		EE7CAC6B2705DB6600CDAD92 /* Base */ = {isa = PBXFileReference; lastKnownFileType = file.storyboard; name = Base; path = Base.lproj/Main.storyboard; sourceTree = "<group>"; };
		EE7CAC6D2705DB6700CDAD92 /* Assets.xcassets */ = {isa = PBXFileReference; lastKnownFileType = folder.assetcatalog; path = Assets.xcassets; sourceTree = "<group>"; };
		EE7CAC702705DB6700CDAD92 /* Base */ = {isa = PBXFileReference; lastKnownFileType = file.storyboard; name = Base; path = Base.lproj/LaunchScreen.storyboard; sourceTree = "<group>"; };
		EE7CAC722705DB6700CDAD92 /* Info.plist */ = {isa = PBXFileReference; lastKnownFileType = text.plist.xml; path = Info.plist; sourceTree = "<group>"; };
		EE7CAC772705DB6700CDAD92 /* sally55Tests.xctest */ = {isa = PBXFileReference; explicitFileType = wrapper.cfbundle; includeInIndex = 0; path = sally55Tests.xctest; sourceTree = BUILT_PRODUCTS_DIR; };
		EE7CAC7B2705DB6700CDAD92 /* sally55Tests.swift */ = {isa = PBXFileReference; lastKnownFileType = sourcecode.swift; path = sally55Tests.swift; sourceTree = "<group>"; };
		EE7CAC812705DB6700CDAD92 /* sally55UITests.xctest */ = {isa = PBXFileReference; explicitFileType = wrapper.cfbundle; includeInIndex = 0; path = sally55UITests.xctest; sourceTree = BUILT_PRODUCTS_DIR; };
		EE7CAC852705DB6700CDAD92 /* sally55UITests.swift */ = {isa = PBXFileReference; lastKnownFileType = sourcecode.swift; path = sally55UITests.swift; sourceTree = "<group>"; };
		EE7CAC872705DB6700CDAD92 /* sally55UITestsLaunchTests.swift */ = {isa = PBXFileReference; lastKnownFileType = sourcecode.swift; path = sally55UITestsLaunchTests.swift; sourceTree = "<group>"; };
/* End PBXFileReference section */

/* Begin PBXFrameworksBuildPhase section */
		EE7CAC5E2705DB6600CDAD92 /* Frameworks */ = {
			isa = PBXFrameworksBuildPhase;
			buildActionMask = 2147483647;
			files = (
			);
			runOnlyForDeploymentPostprocessing = 0;
		};
		EE7CAC742705DB6700CDAD92 /* Frameworks */ = {
			isa = PBXFrameworksBuildPhase;
			buildActionMask = 2147483647;
			files = (
			);
			runOnlyForDeploymentPostprocessing = 0;
		};
		EE7CAC7E2705DB6700CDAD92 /* Frameworks */ = {
			isa = PBXFrameworksBuildPhase;
			buildActionMask = 2147483647;
			files = (
			);
			runOnlyForDeploymentPostprocessing = 0;
		};
/* End PBXFrameworksBuildPhase section */

/* Begin PBXGroup section */
		EE7CAC582705DB6600CDAD92 = {
			isa = PBXGroup;
			children = (
				EE7CAC632705DB6600CDAD92 /* sally55 */,
				EE7CAC7A2705DB6700CDAD92 /* sally55Tests */,
				EE7CAC842705DB6700CDAD92 /* sally55UITests */,
				EE7CAC622705DB6600CDAD92 /* Products */,
			);
			sourceTree = "<group>";
		};
		EE7CAC622705DB6600CDAD92 /* Products */ = {
			isa = PBXGroup;
			children = (
				EE7CAC612705DB6600CDAD92 /* sally55.app */,
				EE7CAC772705DB6700CDAD92 /* sally55Tests.xctest */,
				EE7CAC812705DB6700CDAD92 /* sally55UITests.xctest */,
			);
			name = Products;
			sourceTree = "<group>";
		};
		EE7CAC632705DB6600CDAD92 /* sally55 */ = {
			isa = PBXGroup;
			children = (
				EE7CAC642705DB6600CDAD92 /* AppDelegate.swift */,
				EE7CAC662705DB6600CDAD92 /* SceneDelegate.swift */,
				EE7CAC682705DB6600CDAD92 /* ViewController.swift */,
				EE7CAC6A2705DB6600CDAD92 /* Main.storyboard */,
				EE7CAC6D2705DB6700CDAD92 /* Assets.xcassets */,
				EE7CAC6F2705DB6700CDAD92 /* LaunchScreen.storyboard */,
				EE7CAC722705DB6700CDAD92 /* Info.plist */,
			);
			path = sally55;
			sourceTree = "<group>";
		};
		EE7CAC7A2705DB6700CDAD92 /* sally55Tests */ = {
			isa = PBXGroup;
			children = (
				EE7CAC7B2705DB6700CDAD92 /* sally55Tests.swift */,
			);
			path = sally55Tests;
			sourceTree = "<group>";
		};
		EE7CAC842705DB6700CDAD92 /* sally55UITests */ = {
			isa = PBXGroup;
			children = (
				EE7CAC852705DB6700CDAD92 /* sally55UITests.swift */,
				EE7CAC872705DB6700CDAD92 /* sally55UITestsLaunchTests.swift */,
			);
			path = sally55UITests;
			sourceTree = "<group>";
		};
/* End PBXGroup section */

/* Begin PBXNativeTarget section */
		EE7CAC602705DB6600CDAD92 /* sally55 */ = {
			isa = PBXNativeTarget;
			buildConfigurationList = EE7CAC8B2705DB6700CDAD92 /* Build configuration list for PBXNativeTarget "sally55" */;
			buildPhases = (
				EE7CAC5D2705DB6600CDAD92 /* Sources */,
				EE7CAC5E2705DB6600CDAD92 /* Frameworks */,
				EE7CAC5F2705DB6600CDAD92 /* Resources */,
			);
			buildRules = (
			);
			dependencies = (
			);
			name = sally55;
			productName = sally55;
			productReference = EE7CAC612705DB6600CDAD92 /* sally55.app */;
			productType = "com.apple.product-type.application";
		};
		EE7CAC762705DB6700CDAD92 /* sally55Tests */ = {
			isa = PBXNativeTarget;
			buildConfigurationList = EE7CAC8E2705DB6700CDAD92 /* Build configuration list for PBXNativeTarget "sally55Tests" */;
			buildPhases = (
				EE7CAC732705DB6700CDAD92 /* Sources */,
				EE7CAC742705DB6700CDAD92 /* Frameworks */,
				EE7CAC752705DB6700CDAD92 /* Resources */,
			);
			buildRules = (
			);
			dependencies = (
				EE7CAC792705DB6700CDAD92 /* PBXTargetDependency */,
			);
			name = sally55Tests;
			productName = sally55Tests;
			productReference = EE7CAC772705DB6700CDAD92 /* sally55Tests.xctest */;
			productType = "com.apple.product-type.bundle.unit-test";
		};
		EE7CAC802705DB6700CDAD92 /* sally55UITests */ = {
			isa = PBXNativeTarget;
			buildConfigurationList = EE7CAC912705DB6700CDAD92 /* Build configuration list for PBXNativeTarget "sally55UITests" */;
			buildPhases = (
				EE7CAC7D2705DB6700CDAD92 /* Sources */,
				EE7CAC7E2705DB6700CDAD92 /* Frameworks */,
				EE7CAC7F2705DB6700CDAD92 /* Resources */,
			);
			buildRules = (
			);
			dependencies = (
				EE7CAC832705DB6700CDAD92 /* PBXTargetDependency */,
			);
			name = sally55UITests;
			productName = sally55UITests;
			productReference = EE7CAC812705DB6700CDAD92 /* sally55UITests.xctest */;
			productType = "com.apple.product-type.bundle.ui-testing";
		};
/* End PBXNativeTarget section */

/* Begin PBXProject section */
		EE7CAC592705DB6600CDAD92 /* Project object */ = {
			isa = PBXProject;
			attributes = {
				BuildIndependentTargetsInParallel = 1;
				LastSwiftUpdateCheck = 1300;
				LastUpgradeCheck = 1300;
				TargetAttributes = {
					EE7CAC602705DB6600CDAD92 = {
						CreatedOnToolsVersion = 13.0;
					};
					EE7CAC762705DB6700CDAD92 = {
						CreatedOnToolsVersion = 13.0;
						TestTargetID = EE7CAC602705DB6600CDAD92;
					};
					EE7CAC802705DB6700CDAD92 = {
						CreatedOnToolsVersion = 13.0;
						TestTargetID = EE7CAC602705DB6600CDAD92;
					};
				};
			};
			buildConfigurationList = EE7CAC5C2705DB6600CDAD92 /* Build configuration list for PBXProject "sally55" */;
			compatibilityVersion = "Xcode 13.0";
			developmentRegion = en;
			hasScannedForEncodings = 0;
			knownRegions = (
				en,
				Base,
			);
			mainGroup = EE7CAC582705DB6600CDAD92;
			productRefGroup = EE7CAC622705DB6600CDAD92 /* Products */;
			projectDirPath = "";
			projectRoot = "";
			targets = (
				EE7CAC602705DB6600CDAD92 /* sally55 */,
				EE7CAC762705DB6700CDAD92 /* sally55Tests */,
				EE7CAC802705DB6700CDAD92 /* sally55UITests */,
			);
		};
/* End PBXProject section */

/* Begin PBXResourcesBuildPhase section */
		EE7CAC5F2705DB6600CDAD92 /* Resources */ = {
			isa = PBXResourcesBuildPhase;
			buildActionMask = 2147483647;
			files = (
				EE7CAC712705DB6700CDAD92 /* LaunchScreen.storyboard in Resources */,
				EE7CAC6E2705DB6700CDAD92 /* Assets.xcassets in Resources */,
				EE7CAC6C2705DB6600CDAD92 /* Main.storyboard in Resources */,
			);
			runOnlyForDeploymentPostprocessing = 0;
		};
		EE7CAC752705DB6700CDAD92 /* Resources */ = {
			isa = PBXResourcesBuildPhase;
			buildActionMask = 2147483647;
			files = (
			);
			runOnlyForDeploymentPostprocessing = 0;
		};
		EE7CAC7F2705DB6700CDAD92 /* Resources */ = {
			isa = PBXResourcesBuildPhase;
			buildActionMask = 2147483647;
			files = (
			);
			runOnlyForDeploymentPostprocessing = 0;
		};
/* End PBXResourcesBuildPhase section */

/* Begin PBXSourcesBuildPhase section */
		EE7CAC5D2705DB6600CDAD92 /* Sources */ = {
			isa = PBXSourcesBuildPhase;
			buildActionMask = 2147483647;
			files = (
				EE7CAC942705F87900CDAD92 /* AppDelegate.swift in Sources */,
				EE7CAC692705DB6600CDAD92 /* ViewController.swift in Sources */,
				EE7CAC672705DB6600CDAD92 /* SceneDelegate.swift in Sources */,
			);
			runOnlyForDeploymentPostprocessing = 0;
		};
		EE7CAC732705DB6700CDAD92 /* Sources */ = {
			isa = PBXSourcesBuildPhase;
			buildActionMask = 2147483647;
			files = (
				EE7CAC952705F87B00CDAD92 /* AppDelegate.swift in Sources */,
				EE7CAC7C2705DB6700CDAD92 /* sally55Tests.swift in Sources */,
			);
			runOnlyForDeploymentPostprocessing = 0;
		};
		EE7CAC7D2705DB6700CDAD92 /* Sources */ = {
			isa = PBXSourcesBuildPhase;
			buildActionMask = 2147483647;
			files = (
				EE7CAC962705F87C00CDAD92 /* AppDelegate.swift in Sources */,
				EE7CAC882705DB6700CDAD92 /* sally55UITestsLaunchTests.swift in Sources */,
				EE7CAC862705DB6700CDAD92 /* sally55UITests.swift in Sources */,
			);
			runOnlyForDeploymentPostprocessing = 0;
		};
/* End PBXSourcesBuildPhase section */

/* Begin PBXTargetDependency section */
		EE7CAC792705DB6700CDAD92 /* PBXTargetDependency */ = {
			isa = PBXTargetDependency;
			target = EE7CAC602705DB6600CDAD92 /* sally55 */;
			targetProxy = EE7CAC782705DB6700CDAD92 /* PBXContainerItemProxy */;
		};
		EE7CAC832705DB6700CDAD92 /* PBXTargetDependency */ = {
			isa = PBXTargetDependency;
			target = EE7CAC602705DB6600CDAD92 /* sally55 */;
			targetProxy = EE7CAC822705DB6700CDAD92 /* PBXContainerItemProxy */;
		};
/* End PBXTargetDependency section */

/* Begin PBXVariantGroup section */
		EE7CAC6A2705DB6600CDAD92 /* Main.storyboard */ = {
			isa = PBXVariantGroup;
			children = (
				EE7CAC6B2705DB6600CDAD92 /* Base */,
			);
			name = Main.storyboard;
			sourceTree = "<group>";
		};
		EE7CAC6F2705DB6700CDAD92 /* LaunchScreen.storyboard */ = {
			isa = PBXVariantGroup;
			children = (
				EE7CAC702705DB6700CDAD92 /* Base */,
			);
			name = LaunchScreen.storyboard;
			sourceTree = "<group>";
		};
/* End PBXVariantGroup section */

/* Begin XCBuildConfiguration section */
		EE7CAC892705DB6700CDAD92 /* Debug */ = {
			isa = XCBuildConfiguration;
			buildSettings = {
				ALWAYS_SEARCH_USER_PATHS = NO;
				CLANG_ANALYZER_NONNULL = YES;
				CLANG_ANALYZER_NUMBER_OBJECT_CONVERSION = YES_AGGRESSIVE;
				CLANG_CXX_LANGUAGE_STANDARD = "gnu++17";
				CLANG_CXX_LIBRARY = "libc++";
				CLANG_ENABLE_MODULES = YES;
				CLANG_ENABLE_OBJC_ARC = YES;
				CLANG_ENABLE_OBJC_WEAK = YES;
				CLANG_WARN_BLOCK_CAPTURE_AUTORELEASING = YES;
				CLANG_WARN_BOOL_CONVERSION = YES;
				CLANG_WARN_COMMA = YES;
				CLANG_WARN_CONSTANT_CONVERSION = YES;
				CLANG_WARN_DEPRECATED_OBJC_IMPLEMENTATIONS = YES;
				CLANG_WARN_DIRECT_OBJC_ISA_USAGE = YES_ERROR;
				CLANG_WARN_DOCUMENTATION_COMMENTS = YES;
				CLANG_WARN_EMPTY_BODY = YES;
				CLANG_WARN_ENUM_CONVERSION = YES;
				CLANG_WARN_INFINITE_RECURSION = YES;
				CLANG_WARN_INT_CONVERSION = YES;
				CLANG_WARN_NON_LITERAL_NULL_CONVERSION = YES;
				CLANG_WARN_OBJC_IMPLICIT_RETAIN_SELF = YES;
				CLANG_WARN_OBJC_LITERAL_CONVERSION = YES;
				CLANG_WARN_OBJC_ROOT_CLASS = YES_ERROR;
				CLANG_WARN_QUOTED_INCLUDE_IN_FRAMEWORK_HEADER = YES;
				CLANG_WARN_RANGE_LOOP_ANALYSIS = YES;
				CLANG_WARN_STRICT_PROTOTYPES = YES;
				CLANG_WARN_SUSPICIOUS_MOVE = YES;
				CLANG_WARN_UNGUARDED_AVAILABILITY = YES_AGGRESSIVE;
				CLANG_WARN_UNREACHABLE_CODE = YES;
				CLANG_WARN__DUPLICATE_METHOD_MATCH = YES;
				COPY_PHASE_STRIP = NO;
				DEBUG_INFORMATION_FORMAT = dwarf;
				ENABLE_STRICT_OBJC_MSGSEND = YES;
				ENABLE_TESTABILITY = YES;
				GCC_C_LANGUAGE_STANDARD = gnu11;
				GCC_DYNAMIC_NO_PIC = NO;
				GCC_NO_COMMON_BLOCKS = YES;
				GCC_OPTIMIZATION_LEVEL = 0;
				GCC_PREPROCESSOR_DEFINITIONS = (
					"DEBUG=1",
					"$(inherited)",
				);
				GCC_WARN_64_TO_32_BIT_CONVERSION = YES;
				GCC_WARN_ABOUT_RETURN_TYPE = YES_ERROR;
				GCC_WARN_UNDECLARED_SELECTOR = YES;
				GCC_WARN_UNINITIALIZED_AUTOS = YES_AGGRESSIVE;
				GCC_WARN_UNUSED_FUNCTION = YES;
				GCC_WARN_UNUSED_VARIABLE = YES;
				IPHONEOS_DEPLOYMENT_TARGET = 15.0;
				MTL_ENABLE_DEBUG_INFO = INCLUDE_SOURCE;
				MTL_FAST_MATH = YES;
				ONLY_ACTIVE_ARCH = YES;
				SDKROOT = iphoneos;
				SWIFT_ACTIVE_COMPILATION_CONDITIONS = DEBUG;
				SWIFT_OPTIMIZATION_LEVEL = "-Onone";
			};
			name = Debug;
		};
		EE7CAC8A2705DB6700CDAD92 /* Release */ = {
			isa = XCBuildConfiguration;
			buildSettings = {
				ALWAYS_SEARCH_USER_PATHS = NO;
				CLANG_ANALYZER_NONNULL = YES;
				CLANG_ANALYZER_NUMBER_OBJECT_CONVERSION = YES_AGGRESSIVE;
				CLANG_CXX_LANGUAGE_STANDARD = "gnu++17";
				CLANG_CXX_LIBRARY = "libc++";
				CLANG_ENABLE_MODULES = YES;
				CLANG_ENABLE_OBJC_ARC = YES;
				CLANG_ENABLE_OBJC_WEAK = YES;
				CLANG_WARN_BLOCK_CAPTURE_AUTORELEASING = YES;
				CLANG_WARN_BOOL_CONVERSION = YES;
				CLANG_WARN_COMMA = YES;
				CLANG_WARN_CONSTANT_CONVERSION = YES;
				CLANG_WARN_DEPRECATED_OBJC_IMPLEMENTATIONS = YES;
				CLANG_WARN_DIRECT_OBJC_ISA_USAGE = YES_ERROR;
				CLANG_WARN_DOCUMENTATION_COMMENTS = YES;
				CLANG_WARN_EMPTY_BODY = YES;
				CLANG_WARN_ENUM_CONVERSION = YES;
				CLANG_WARN_INFINITE_RECURSION = YES;
				CLANG_WARN_INT_CONVERSION = YES;
				CLANG_WARN_NON_LITERAL_NULL_CONVERSION = YES;
				CLANG_WARN_OBJC_IMPLICIT_RETAIN_SELF = YES;
				CLANG_WARN_OBJC_LITERAL_CONVERSION = YES;
				CLANG_WARN_OBJC_ROOT_CLASS = YES_ERROR;
				CLANG_WARN_QUOTED_INCLUDE_IN_FRAMEWORK_HEADER = YES;
				CLANG_WARN_RANGE_LOOP_ANALYSIS = YES;
				CLANG_WARN_STRICT_PROTOTYPES = YES;
				CLANG_WARN_SUSPICIOUS_MOVE = YES;
				CLANG_WARN_UNGUARDED_AVAILABILITY = YES_AGGRESSIVE;
				CLANG_WARN_UNREACHABLE_CODE = YES;
				CLANG_WARN__DUPLICATE_METHOD_MATCH = YES;
				COPY_PHASE_STRIP = NO;
				DEBUG_INFORMATION_FORMAT = "dwarf-with-dsym";
				ENABLE_NS_ASSERTIONS = NO;
				ENABLE_STRICT_OBJC_MSGSEND = YES;
				GCC_C_LANGUAGE_STANDARD = gnu11;
				GCC_NO_COMMON_BLOCKS = YES;
				GCC_WARN_64_TO_32_BIT_CONVERSION = YES;
				GCC_WARN_ABOUT_RETURN_TYPE = YES_ERROR;
				GCC_WARN_UNDECLARED_SELECTOR = YES;
				GCC_WARN_UNINITIALIZED_AUTOS = YES_AGGRESSIVE;
				GCC_WARN_UNUSED_FUNCTION = YES;
				GCC_WARN_UNUSED_VARIABLE = YES;
				IPHONEOS_DEPLOYMENT_TARGET = 15.0;
				MTL_ENABLE_DEBUG_INFO = NO;
				MTL_FAST_MATH = YES;
				SDKROOT = iphoneos;
				SWIFT_COMPILATION_MODE = wholemodule;
				SWIFT_OPTIMIZATION_LEVEL = "-O";
				VALIDATE_PRODUCT = YES;
			};
			name = Release;
		};
		EE7CAC8C2705DB6700CDAD92 /* Debug */ = {
			isa = XCBuildConfiguration;
			buildSettings = {
				ASSETCATALOG_COMPILER_APPICON_NAME = AppIcon;
				ASSETCATALOG_COMPILER_GLOBAL_ACCENT_COLOR_NAME = AccentColor;
				CODE_SIGN_STYLE = Automatic;
				CURRENT_PROJECT_VERSION = 1;
				GENERATE_INFOPLIST_FILE = YES;
				INFOPLIST_FILE = sally55/Info.plist;
				INFOPLIST_KEY_UIApplicationSupportsIndirectInputEvents = YES;
				INFOPLIST_KEY_UILaunchStoryboardName = LaunchScreen;
				INFOPLIST_KEY_UIMainStoryboardFile = Main;
				INFOPLIST_KEY_UISupportedInterfaceOrientations_iPad = "UIInterfaceOrientationPortrait UIInterfaceOrientationPortraitUpsideDown UIInterfaceOrientationLandscapeLeft UIInterfaceOrientationLandscapeRight";
				INFOPLIST_KEY_UISupportedInterfaceOrientations_iPhone = "UIInterfaceOrientationPortrait UIInterfaceOrientationLandscapeLeft UIInterfaceOrientationLandscapeRight";
				LD_RUNPATH_SEARCH_PATHS = (
					"$(inherited)",
					"@executable_path/Frameworks",
				);
				MARKETING_VERSION = 1.0;
				PRODUCT_BUNDLE_IDENTIFIER = sally.com.sally55;
				PRODUCT_NAME = "$(TARGET_NAME)";
				SWIFT_EMIT_LOC_STRINGS = YES;
				SWIFT_VERSION = 5.0;
				TARGETED_DEVICE_FAMILY = "1,2";
			};
			name = Debug;
		};
		EE7CAC8D2705DB6700CDAD92 /* Release */ = {
			isa = XCBuildConfiguration;
			buildSettings = {
				ASSETCATALOG_COMPILER_APPICON_NAME = AppIcon;
				ASSETCATALOG_COMPILER_GLOBAL_ACCENT_COLOR_NAME = AccentColor;
				CODE_SIGN_STYLE = Automatic;
				CURRENT_PROJECT_VERSION = 1;
				GENERATE_INFOPLIST_FILE = YES;
				INFOPLIST_FILE = sally55/Info.plist;
				INFOPLIST_KEY_UIApplicationSupportsIndirectInputEvents = YES;
				INFOPLIST_KEY_UILaunchStoryboardName = LaunchScreen;
				INFOPLIST_KEY_UIMainStoryboardFile = Main;
				INFOPLIST_KEY_UISupportedInterfaceOrientations_iPad = "UIInterfaceOrientationPortrait UIInterfaceOrientationPortraitUpsideDown UIInterfaceOrientationLandscapeLeft UIInterfaceOrientationLandscapeRight";
				INFOPLIST_KEY_UISupportedInterfaceOrientations_iPhone = "UIInterfaceOrientationPortrait UIInterfaceOrientationLandscapeLeft UIInterfaceOrientationLandscapeRight";
				LD_RUNPATH_SEARCH_PATHS = (
					"$(inherited)",
					"@executable_path/Frameworks",
				);
				MARKETING_VERSION = 1.0;
				PRODUCT_BUNDLE_IDENTIFIER = sally.com.sally55;
				PRODUCT_NAME = "$(TARGET_NAME)";
				SWIFT_EMIT_LOC_STRINGS = YES;
				SWIFT_VERSION = 5.0;
				TARGETED_DEVICE_FAMILY = "1,2";
			};
			name = Release;
		};
		EE7CAC8F2705DB6700CDAD92 /* Debug */ = {
			isa = XCBuildConfiguration;
			buildSettings = {
				ALWAYS_EMBED_SWIFT_STANDARD_LIBRARIES = YES;
				BUNDLE_LOADER = "$(TEST_HOST)";
				CODE_SIGN_STYLE = Automatic;
				CURRENT_PROJECT_VERSION = 1;
				GENERATE_INFOPLIST_FILE = YES;
				IPHONEOS_DEPLOYMENT_TARGET = 15.0;
				LD_RUNPATH_SEARCH_PATHS = (
					"$(inherited)",
					"@executable_path/Frameworks",
					"@loader_path/Frameworks",
				);
				MARKETING_VERSION = 1.0;
				PRODUCT_BUNDLE_IDENTIFIER = sally.com.sally55Tests;
				PRODUCT_NAME = "$(TARGET_NAME)";
				SWIFT_EMIT_LOC_STRINGS = NO;
				SWIFT_VERSION = 5.0;
				TARGETED_DEVICE_FAMILY = "1,2";
				TEST_HOST = "$(BUILT_PRODUCTS_DIR)/sally55.app/sally55";
			};
			name = Debug;
		};
		EE7CAC902705DB6700CDAD92 /* Release */ = {
			isa = XCBuildConfiguration;
			buildSettings = {
				ALWAYS_EMBED_SWIFT_STANDARD_LIBRARIES = YES;
				BUNDLE_LOADER = "$(TEST_HOST)";
				CODE_SIGN_STYLE = Automatic;
				CURRENT_PROJECT_VERSION = 1;
				GENERATE_INFOPLIST_FILE = YES;
				IPHONEOS_DEPLOYMENT_TARGET = 15.0;
				LD_RUNPATH_SEARCH_PATHS = (
					"$(inherited)",
					"@executable_path/Frameworks",
					"@loader_path/Frameworks",
				);
				MARKETING_VERSION = 1.0;
				PRODUCT_BUNDLE_IDENTIFIER = sally.com.sally55Tests;
				PRODUCT_NAME = "$(TARGET_NAME)";
				SWIFT_EMIT_LOC_STRINGS = NO;
				SWIFT_VERSION = 5.0;
				TARGETED_DEVICE_FAMILY = "1,2";
				TEST_HOST = "$(BUILT_PRODUCTS_DIR)/sally55.app/sally55";
			};
			name = Release;
		};
		EE7CAC922705DB6700CDAD92 /* Debug */ = {
			isa = XCBuildConfiguration;
			buildSettings = {
				ALWAYS_EMBED_SWIFT_STANDARD_LIBRARIES = YES;
				CODE_SIGN_STYLE = Automatic;
				CURRENT_PROJECT_VERSION = 1;
				GENERATE_INFOPLIST_FILE = YES;
				LD_RUNPATH_SEARCH_PATHS = (
					"$(inherited)",
					"@executable_path/Frameworks",
					"@loader_path/Frameworks",
				);
				MARKETING_VERSION = 1.0;
				PRODUCT_BUNDLE_IDENTIFIER = sally.com.sally55UITests;
				PRODUCT_NAME = "$(TARGET_NAME)";
				SWIFT_EMIT_LOC_STRINGS = NO;
				SWIFT_VERSION = 5.0;
				TARGETED_DEVICE_FAMILY = "1,2";
				TEST_TARGET_NAME = sally55;
			};
			name = Debug;
		};
		EE7CAC932705DB6700CDAD92 /* Release */ = {
			isa = XCBuildConfiguration;
			buildSettings = {
				ALWAYS_EMBED_SWIFT_STANDARD_LIBRARIES = YES;
				CODE_SIGN_STYLE = Automatic;
				CURRENT_PROJECT_VERSION = 1;
				GENERATE_INFOPLIST_FILE = YES;
				LD_RUNPATH_SEARCH_PATHS = (
					"$(inherited)",
					"@executable_path/Frameworks",
					"@loader_path/Frameworks",
				);
				MARKETING_VERSION = 1.0;
				PRODUCT_BUNDLE_IDENTIFIER = sally.com.sally55UITests;
				PRODUCT_NAME = "$(TARGET_NAME)";
				SWIFT_EMIT_LOC_STRINGS = NO;
				SWIFT_VERSION = 5.0;
				TARGETED_DEVICE_FAMILY = "1,2";
				TEST_TARGET_NAME = sally55;
			};
			name = Release;
		};
/* End XCBuildConfiguration section */

/* Begin XCConfigurationList section */
		EE7CAC5C2705DB6600CDAD92 /* Build configuration list for PBXProject "sally55" */ = {
			isa = XCConfigurationList;
			buildConfigurations = (
				EE7CAC892705DB6700CDAD92 /* Debug */,
				EE7CAC8A2705DB6700CDAD92 /* Release */,
			);
			defaultConfigurationIsVisible = 0;
			defaultConfigurationName = Release;
		};
		EE7CAC8B2705DB6700CDAD92 /* Build configuration list for PBXNativeTarget "sally55" */ = {
			isa = XCConfigurationList;
			buildConfigurations = (
				EE7CAC8C2705DB6700CDAD92 /* Debug */,
				EE7CAC8D2705DB6700CDAD92 /* Release */,
			);
			defaultConfigurationIsVisible = 0;
			defaultConfigurationName = Release;
		};
		EE7CAC8E2705DB6700CDAD92 /* Build configuration list for PBXNativeTarget "sally55Tests" */ = {
			isa = XCConfigurationList;
			buildConfigurations = (
				EE7CAC8F2705DB6700CDAD92 /* Debug */,
				EE7CAC902705DB6700CDAD92 /* Release */,
			);
			defaultConfigurationIsVisible = 0;
			defaultConfigurationName = Release;
		};
		EE7CAC912705DB6700CDAD92 /* Build configuration list for PBXNativeTarget "sally55UITests" */ = {
			isa = XCConfigurationList;
			buildConfigurations = (
				EE7CAC922705DB6700CDAD92 /* Debug */,
				EE7CAC932705DB6700CDAD92 /* Release */,
			);
			defaultConfigurationIsVisible = 0;
			defaultConfigurationName = Release;
		};
/* End XCConfigurationList section */
	};
	rootObject = EE7CAC592705DB6600CDAD92 /* Project object */;
}
