// !$*UTF8*$!
{
	archiveVersion = 1;
	classes = {
	};
	objectVersion = 55;
	objects = {

/* Begin PBXBuildFile section */
		FAC497B227062E8300DB772D /* AppDelegate.swift in Sources */ = {isa = PBXBuildFile; fileRef = FAC497B127062E8300DB772D /* AppDelegate.swift */; };
		FAC497B427062E8300DB772D /* SceneDelegate.swift in Sources */ = {isa = PBXBuildFile; fileRef = FAC497B327062E8300DB772D /* SceneDelegate.swift */; };
		FAC497B627062E8300DB772D /* ViewController.swift in Sources */ = {isa = PBXBuildFile; fileRef = FAC497B527062E8300DB772D /* ViewController.swift */; };
		FAC497B927062E8300DB772D /* Main.storyboard in Resources */ = {isa = PBXBuildFile; fileRef = FAC497B727062E8300DB772D /* Main.storyboard */; };
		FAC497BB27062E8600DB772D /* Assets.xcassets in Resources */ = {isa = PBXBuildFile; fileRef = FAC497BA27062E8600DB772D /* Assets.xcassets */; };
		FAC497BE27062E8600DB772D /* LaunchScreen.storyboard in Resources */ = {isa = PBXBuildFile; fileRef = FAC497BC27062E8600DB772D /* LaunchScreen.storyboard */; };
		FAC497C927062E8600DB772D /* TasbihApplicationTests.swift in Sources */ = {isa = PBXBuildFile; fileRef = FAC497C827062E8600DB772D /* TasbihApplicationTests.swift */; };
		FAC497D327062E8600DB772D /* TasbihApplicationUITests.swift in Sources */ = {isa = PBXBuildFile; fileRef = FAC497D227062E8600DB772D /* TasbihApplicationUITests.swift */; };
		FAC497D527062E8600DB772D /* TasbihApplicationUITestsLaunchTests.swift in Sources */ = {isa = PBXBuildFile; fileRef = FAC497D427062E8600DB772D /* TasbihApplicationUITestsLaunchTests.swift */; };
/* End PBXBuildFile section */

/* Begin PBXContainerItemProxy section */
		FAC497C527062E8600DB772D /* PBXContainerItemProxy */ = {
			isa = PBXContainerItemProxy;
			containerPortal = FAC497A627062E8300DB772D /* Project object */;
			proxyType = 1;
			remoteGlobalIDString = FAC497AD27062E8300DB772D;
			remoteInfo = TasbihApplication;
		};
		FAC497CF27062E8600DB772D /* PBXContainerItemProxy */ = {
			isa = PBXContainerItemProxy;
			containerPortal = FAC497A627062E8300DB772D /* Project object */;
			proxyType = 1;
			remoteGlobalIDString = FAC497AD27062E8300DB772D;
			remoteInfo = TasbihApplication;
		};
/* End PBXContainerItemProxy section */

/* Begin PBXFileReference section */
		FAC497AE27062E8300DB772D /* TasbihApplication.app */ = {isa = PBXFileReference; explicitFileType = wrapper.application; includeInIndex = 0; path = TasbihApplication.app; sourceTree = BUILT_PRODUCTS_DIR; };
		FAC497B127062E8300DB772D /* AppDelegate.swift */ = {isa = PBXFileReference; lastKnownFileType = sourcecode.swift; path = AppDelegate.swift; sourceTree = "<group>"; };
		FAC497B327062E8300DB772D /* SceneDelegate.swift */ = {isa = PBXFileReference; lastKnownFileType = sourcecode.swift; path = SceneDelegate.swift; sourceTree = "<group>"; };
		FAC497B527062E8300DB772D /* ViewController.swift */ = {isa = PBXFileReference; lastKnownFileType = sourcecode.swift; path = ViewController.swift; sourceTree = "<group>"; };
		FAC497B827062E8300DB772D /* Base */ = {isa = PBXFileReference; lastKnownFileType = file.storyboard; name = Base; path = Base.lproj/Main.storyboard; sourceTree = "<group>"; };
		FAC497BA27062E8600DB772D /* Assets.xcassets */ = {isa = PBXFileReference; lastKnownFileType = folder.assetcatalog; path = Assets.xcassets; sourceTree = "<group>"; };
		FAC497BD27062E8600DB772D /* Base */ = {isa = PBXFileReference; lastKnownFileType = file.storyboard; name = Base; path = Base.lproj/LaunchScreen.storyboard; sourceTree = "<group>"; };
		FAC497BF27062E8600DB772D /* Info.plist */ = {isa = PBXFileReference; lastKnownFileType = text.plist.xml; path = Info.plist; sourceTree = "<group>"; };
		FAC497C427062E8600DB772D /* TasbihApplicationTests.xctest */ = {isa = PBXFileReference; explicitFileType = wrapper.cfbundle; includeInIndex = 0; path = TasbihApplicationTests.xctest; sourceTree = BUILT_PRODUCTS_DIR; };
		FAC497C827062E8600DB772D /* TasbihApplicationTests.swift */ = {isa = PBXFileReference; lastKnownFileType = sourcecode.swift; path = TasbihApplicationTests.swift; sourceTree = "<group>"; };
		FAC497CE27062E8600DB772D /* TasbihApplicationUITests.xctest */ = {isa = PBXFileReference; explicitFileType = wrapper.cfbundle; includeInIndex = 0; path = TasbihApplicationUITests.xctest; sourceTree = BUILT_PRODUCTS_DIR; };
		FAC497D227062E8600DB772D /* TasbihApplicationUITests.swift */ = {isa = PBXFileReference; lastKnownFileType = sourcecode.swift; path = TasbihApplicationUITests.swift; sourceTree = "<group>"; };
		FAC497D427062E8600DB772D /* TasbihApplicationUITestsLaunchTests.swift */ = {isa = PBXFileReference; lastKnownFileType = sourcecode.swift; path = TasbihApplicationUITestsLaunchTests.swift; sourceTree = "<group>"; };
/* End PBXFileReference section */

/* Begin PBXFrameworksBuildPhase section */
		FAC497AB27062E8300DB772D /* Frameworks */ = {
			isa = PBXFrameworksBuildPhase;
			buildActionMask = 2147483647;
			files = (
			);
			runOnlyForDeploymentPostprocessing = 0;
		};
		FAC497C127062E8600DB772D /* Frameworks */ = {
			isa = PBXFrameworksBuildPhase;
			buildActionMask = 2147483647;
			files = (
			);
			runOnlyForDeploymentPostprocessing = 0;
		};
		FAC497CB27062E8600DB772D /* Frameworks */ = {
			isa = PBXFrameworksBuildPhase;
			buildActionMask = 2147483647;
			files = (
			);
			runOnlyForDeploymentPostprocessing = 0;
		};
/* End PBXFrameworksBuildPhase section */

/* Begin PBXGroup section */
		FAC497A527062E8300DB772D = {
			isa = PBXGroup;
			children = (
				FAC497B027062E8300DB772D /* TasbihApplication */,
				FAC497C727062E8600DB772D /* TasbihApplicationTests */,
				FAC497D127062E8600DB772D /* TasbihApplicationUITests */,
				FAC497AF27062E8300DB772D /* Products */,
			);
			sourceTree = "<group>";
		};
		FAC497AF27062E8300DB772D /* Products */ = {
			isa = PBXGroup;
			children = (
				FAC497AE27062E8300DB772D /* TasbihApplication.app */,
				FAC497C427062E8600DB772D /* TasbihApplicationTests.xctest */,
				FAC497CE27062E8600DB772D /* TasbihApplicationUITests.xctest */,
			);
			name = Products;
			sourceTree = "<group>";
		};
		FAC497B027062E8300DB772D /* TasbihApplication */ = {
			isa = PBXGroup;
			children = (
				FAC497B127062E8300DB772D /* AppDelegate.swift */,
				FAC497B327062E8300DB772D /* SceneDelegate.swift */,
				FAC497B527062E8300DB772D /* ViewController.swift */,
				FAC497B727062E8300DB772D /* Main.storyboard */,
				FAC497BA27062E8600DB772D /* Assets.xcassets */,
				FAC497BC27062E8600DB772D /* LaunchScreen.storyboard */,
				FAC497BF27062E8600DB772D /* Info.plist */,
			);
			path = TasbihApplication;
			sourceTree = "<group>";
		};
		FAC497C727062E8600DB772D /* TasbihApplicationTests */ = {
			isa = PBXGroup;
			children = (
				FAC497C827062E8600DB772D /* TasbihApplicationTests.swift */,
			);
			path = TasbihApplicationTests;
			sourceTree = "<group>";
		};
		FAC497D127062E8600DB772D /* TasbihApplicationUITests */ = {
			isa = PBXGroup;
			children = (
				FAC497D227062E8600DB772D /* TasbihApplicationUITests.swift */,
				FAC497D427062E8600DB772D /* TasbihApplicationUITestsLaunchTests.swift */,
			);
			path = TasbihApplicationUITests;
			sourceTree = "<group>";
		};
/* End PBXGroup section */

/* Begin PBXNativeTarget section */
		FAC497AD27062E8300DB772D /* TasbihApplication */ = {
			isa = PBXNativeTarget;
			buildConfigurationList = FAC497D827062E8600DB772D /* Build configuration list for PBXNativeTarget "TasbihApplication" */;
			buildPhases = (
				FAC497AA27062E8300DB772D /* Sources */,
				FAC497AB27062E8300DB772D /* Frameworks */,
				FAC497AC27062E8300DB772D /* Resources */,
			);
			buildRules = (
			);
			dependencies = (
			);
			name = TasbihApplication;
			productName = TasbihApplication;
			productReference = FAC497AE27062E8300DB772D /* TasbihApplication.app */;
			productType = "com.apple.product-type.application";
		};
		FAC497C327062E8600DB772D /* TasbihApplicationTests */ = {
			isa = PBXNativeTarget;
			buildConfigurationList = FAC497DB27062E8600DB772D /* Build configuration list for PBXNativeTarget "TasbihApplicationTests" */;
			buildPhases = (
				FAC497C027062E8600DB772D /* Sources */,
				FAC497C127062E8600DB772D /* Frameworks */,
				FAC497C227062E8600DB772D /* Resources */,
			);
			buildRules = (
			);
			dependencies = (
				FAC497C627062E8600DB772D /* PBXTargetDependency */,
			);
			name = TasbihApplicationTests;
			productName = TasbihApplicationTests;
			productReference = FAC497C427062E8600DB772D /* TasbihApplicationTests.xctest */;
			productType = "com.apple.product-type.bundle.unit-test";
		};
		FAC497CD27062E8600DB772D /* TasbihApplicationUITests */ = {
			isa = PBXNativeTarget;
			buildConfigurationList = FAC497DE27062E8600DB772D /* Build configuration list for PBXNativeTarget "TasbihApplicationUITests" */;
			buildPhases = (
				FAC497CA27062E8600DB772D /* Sources */,
				FAC497CB27062E8600DB772D /* Frameworks */,
				FAC497CC27062E8600DB772D /* Resources */,
			);
			buildRules = (
			);
			dependencies = (
				FAC497D027062E8600DB772D /* PBXTargetDependency */,
			);
			name = TasbihApplicationUITests;
			productName = TasbihApplicationUITests;
			productReference = FAC497CE27062E8600DB772D /* TasbihApplicationUITests.xctest */;
			productType = "com.apple.product-type.bundle.ui-testing";
		};
/* End PBXNativeTarget section */

/* Begin PBXProject section */
		FAC497A627062E8300DB772D /* Project object */ = {
			isa = PBXProject;
			attributes = {
				BuildIndependentTargetsInParallel = 1;
				LastSwiftUpdateCheck = 1300;
				LastUpgradeCheck = 1300;
				TargetAttributes = {
					FAC497AD27062E8300DB772D = {
						CreatedOnToolsVersion = 13.0;
					};
					FAC497C327062E8600DB772D = {
						CreatedOnToolsVersion = 13.0;
						TestTargetID = FAC497AD27062E8300DB772D;
					};
					FAC497CD27062E8600DB772D = {
						CreatedOnToolsVersion = 13.0;
						TestTargetID = FAC497AD27062E8300DB772D;
					};
				};
			};
			buildConfigurationList = FAC497A927062E8300DB772D /* Build configuration list for PBXProject "TasbihApplication" */;
			compatibilityVersion = "Xcode 13.0";
			developmentRegion = en;
			hasScannedForEncodings = 0;
			knownRegions = (
				en,
				Base,
			);
			mainGroup = FAC497A527062E8300DB772D;
			productRefGroup = FAC497AF27062E8300DB772D /* Products */;
			projectDirPath = "";
			projectRoot = "";
			targets = (
				FAC497AD27062E8300DB772D /* TasbihApplication */,
				FAC497C327062E8600DB772D /* TasbihApplicationTests */,
				FAC497CD27062E8600DB772D /* TasbihApplicationUITests */,
			);
		};
/* End PBXProject section */

/* Begin PBXResourcesBuildPhase section */
		FAC497AC27062E8300DB772D /* Resources */ = {
			isa = PBXResourcesBuildPhase;
			buildActionMask = 2147483647;
			files = (
				FAC497BE27062E8600DB772D /* LaunchScreen.storyboard in Resources */,
				FAC497BB27062E8600DB772D /* Assets.xcassets in Resources */,
				FAC497B927062E8300DB772D /* Main.storyboard in Resources */,
			);
			runOnlyForDeploymentPostprocessing = 0;
		};
		FAC497C227062E8600DB772D /* Resources */ = {
			isa = PBXResourcesBuildPhase;
			buildActionMask = 2147483647;
			files = (
			);
			runOnlyForDeploymentPostprocessing = 0;
		};
		FAC497CC27062E8600DB772D /* Resources */ = {
			isa = PBXResourcesBuildPhase;
			buildActionMask = 2147483647;
			files = (
			);
			runOnlyForDeploymentPostprocessing = 0;
		};
/* End PBXResourcesBuildPhase section */

/* Begin PBXSourcesBuildPhase section */
		FAC497AA27062E8300DB772D /* Sources */ = {
			isa = PBXSourcesBuildPhase;
			buildActionMask = 2147483647;
			files = (
				FAC497B627062E8300DB772D /* ViewController.swift in Sources */,
				FAC497B227062E8300DB772D /* AppDelegate.swift in Sources */,
				FAC497B427062E8300DB772D /* SceneDelegate.swift in Sources */,
			);
			runOnlyForDeploymentPostprocessing = 0;
		};
		FAC497C027062E8600DB772D /* Sources */ = {
			isa = PBXSourcesBuildPhase;
			buildActionMask = 2147483647;
			files = (
				FAC497C927062E8600DB772D /* TasbihApplicationTests.swift in Sources */,
			);
			runOnlyForDeploymentPostprocessing = 0;
		};
		FAC497CA27062E8600DB772D /* Sources */ = {
			isa = PBXSourcesBuildPhase;
			buildActionMask = 2147483647;
			files = (
				FAC497D527062E8600DB772D /* TasbihApplicationUITestsLaunchTests.swift in Sources */,
				FAC497D327062E8600DB772D /* TasbihApplicationUITests.swift in Sources */,
			);
			runOnlyForDeploymentPostprocessing = 0;
		};
/* End PBXSourcesBuildPhase section */

/* Begin PBXTargetDependency section */
		FAC497C627062E8600DB772D /* PBXTargetDependency */ = {
			isa = PBXTargetDependency;
			target = FAC497AD27062E8300DB772D /* TasbihApplication */;
			targetProxy = FAC497C527062E8600DB772D /* PBXContainerItemProxy */;
		};
		FAC497D027062E8600DB772D /* PBXTargetDependency */ = {
			isa = PBXTargetDependency;
			target = FAC497AD27062E8300DB772D /* TasbihApplication */;
			targetProxy = FAC497CF27062E8600DB772D /* PBXContainerItemProxy */;
		};
/* End PBXTargetDependency section */

/* Begin PBXVariantGroup section */
		FAC497B727062E8300DB772D /* Main.storyboard */ = {
			isa = PBXVariantGroup;
			children = (
				FAC497B827062E8300DB772D /* Base */,
			);
			name = Main.storyboard;
			sourceTree = "<group>";
		};
		FAC497BC27062E8600DB772D /* LaunchScreen.storyboard */ = {
			isa = PBXVariantGroup;
			children = (
				FAC497BD27062E8600DB772D /* Base */,
			);
			name = LaunchScreen.storyboard;
			sourceTree = "<group>";
		};
/* End PBXVariantGroup section */

/* Begin XCBuildConfiguration section */
		FAC497D627062E8600DB772D /* Debug */ = {
			isa = XCBuildConfiguration;
			buildSettings = {
				ALWAYS_SEARCH_USER_PATHS = NO;
				CLANG_ANALYZER_NONNULL = YES;
				CLANG_ANALYZER_NUMBER_OBJECT_CONVERSION = YES_AGGRESSIVE;
				CLANG_CXX_LANGUAGE_STANDARD = "gnu++17";
				CLANG_CXX_LIBRARY = "libc++";
				CLANG_ENABLE_MODULES = YES;
				CLANG_ENABLE_OBJC_ARC = YES;
				CLANG_ENABLE_OBJC_WEAK = YES;
				CLANG_WARN_BLOCK_CAPTURE_AUTORELEASING = YES;
				CLANG_WARN_BOOL_CONVERSION = YES;
				CLANG_WARN_COMMA = YES;
				CLANG_WARN_CONSTANT_CONVERSION = YES;
				CLANG_WARN_DEPRECATED_OBJC_IMPLEMENTATIONS = YES;
				CLANG_WARN_DIRECT_OBJC_ISA_USAGE = YES_ERROR;
				CLANG_WARN_DOCUMENTATION_COMMENTS = YES;
				CLANG_WARN_EMPTY_BODY = YES;
				CLANG_WARN_ENUM_CONVERSION = YES;
				CLANG_WARN_INFINITE_RECURSION = YES;
				CLANG_WARN_INT_CONVERSION = YES;
				CLANG_WARN_NON_LITERAL_NULL_CONVERSION = YES;
				CLANG_WARN_OBJC_IMPLICIT_RETAIN_SELF = YES;
				CLANG_WARN_OBJC_LITERAL_CONVERSION = YES;
				CLANG_WARN_OBJC_ROOT_CLASS = YES_ERROR;
				CLANG_WARN_QUOTED_INCLUDE_IN_FRAMEWORK_HEADER = YES;
				CLANG_WARN_RANGE_LOOP_ANALYSIS = YES;
				CLANG_WARN_STRICT_PROTOTYPES = YES;
				CLANG_WARN_SUSPICIOUS_MOVE = YES;
				CLANG_WARN_UNGUARDED_AVAILABILITY = YES_AGGRESSIVE;
				CLANG_WARN_UNREACHABLE_CODE = YES;
				CLANG_WARN__DUPLICATE_METHOD_MATCH = YES;
				COPY_PHASE_STRIP = NO;
				DEBUG_INFORMATION_FORMAT = dwarf;
				ENABLE_STRICT_OBJC_MSGSEND = YES;
				ENABLE_TESTABILITY = YES;
				GCC_C_LANGUAGE_STANDARD = gnu11;
				GCC_DYNAMIC_NO_PIC = NO;
				GCC_NO_COMMON_BLOCKS = YES;
				GCC_OPTIMIZATION_LEVEL = 0;
				GCC_PREPROCESSOR_DEFINITIONS = (
					"DEBUG=1",
					"$(inherited)",
				);
				GCC_WARN_64_TO_32_BIT_CONVERSION = YES;
				GCC_WARN_ABOUT_RETURN_TYPE = YES_ERROR;
				GCC_WARN_UNDECLARED_SELECTOR = YES;
				GCC_WARN_UNINITIALIZED_AUTOS = YES_AGGRESSIVE;
				GCC_WARN_UNUSED_FUNCTION = YES;
				GCC_WARN_UNUSED_VARIABLE = YES;
				IPHONEOS_DEPLOYMENT_TARGET = 15.0;
				MTL_ENABLE_DEBUG_INFO = INCLUDE_SOURCE;
				MTL_FAST_MATH = YES;
				ONLY_ACTIVE_ARCH = YES;
				SDKROOT = iphoneos;
				SWIFT_ACTIVE_COMPILATION_CONDITIONS = DEBUG;
				SWIFT_OPTIMIZATION_LEVEL = "-Onone";
			};
			name = Debug;
		};
		FAC497D727062E8600DB772D /* Release */ = {
			isa = XCBuildConfiguration;
			buildSettings = {
				ALWAYS_SEARCH_USER_PATHS = NO;
				CLANG_ANALYZER_NONNULL = YES;
				CLANG_ANALYZER_NUMBER_OBJECT_CONVERSION = YES_AGGRESSIVE;
				CLANG_CXX_LANGUAGE_STANDARD = "gnu++17";
				CLANG_CXX_LIBRARY = "libc++";
				CLANG_ENABLE_MODULES = YES;
				CLANG_ENABLE_OBJC_ARC = YES;
				CLANG_ENABLE_OBJC_WEAK = YES;
				CLANG_WARN_BLOCK_CAPTURE_AUTORELEASING = YES;
				CLANG_WARN_BOOL_CONVERSION = YES;
				CLANG_WARN_COMMA = YES;
				CLANG_WARN_CONSTANT_CONVERSION = YES;
				CLANG_WARN_DEPRECATED_OBJC_IMPLEMENTATIONS = YES;
				CLANG_WARN_DIRECT_OBJC_ISA_USAGE = YES_ERROR;
				CLANG_WARN_DOCUMENTATION_COMMENTS = YES;
				CLANG_WARN_EMPTY_BODY = YES;
				CLANG_WARN_ENUM_CONVERSION = YES;
				CLANG_WARN_INFINITE_RECURSION = YES;
				CLANG_WARN_INT_CONVERSION = YES;
				CLANG_WARN_NON_LITERAL_NULL_CONVERSION = YES;
				CLANG_WARN_OBJC_IMPLICIT_RETAIN_SELF = YES;
				CLANG_WARN_OBJC_LITERAL_CONVERSION = YES;
				CLANG_WARN_OBJC_ROOT_CLASS = YES_ERROR;
				CLANG_WARN_QUOTED_INCLUDE_IN_FRAMEWORK_HEADER = YES;
				CLANG_WARN_RANGE_LOOP_ANALYSIS = YES;
				CLANG_WARN_STRICT_PROTOTYPES = YES;
				CLANG_WARN_SUSPICIOUS_MOVE = YES;
				CLANG_WARN_UNGUARDED_AVAILABILITY = YES_AGGRESSIVE;
				CLANG_WARN_UNREACHABLE_CODE = YES;
				CLANG_WARN__DUPLICATE_METHOD_MATCH = YES;
				COPY_PHASE_STRIP = NO;
				DEBUG_INFORMATION_FORMAT = "dwarf-with-dsym";
				ENABLE_NS_ASSERTIONS = NO;
				ENABLE_STRICT_OBJC_MSGSEND = YES;
				GCC_C_LANGUAGE_STANDARD = gnu11;
				GCC_NO_COMMON_BLOCKS = YES;
				GCC_WARN_64_TO_32_BIT_CONVERSION = YES;
				GCC_WARN_ABOUT_RETURN_TYPE = YES_ERROR;
				GCC_WARN_UNDECLARED_SELECTOR = YES;
				GCC_WARN_UNINITIALIZED_AUTOS = YES_AGGRESSIVE;
				GCC_WARN_UNUSED_FUNCTION = YES;
				GCC_WARN_UNUSED_VARIABLE = YES;
				IPHONEOS_DEPLOYMENT_TARGET = 15.0;
				MTL_ENABLE_DEBUG_INFO = NO;
				MTL_FAST_MATH = YES;
				SDKROOT = iphoneos;
				SWIFT_COMPILATION_MODE = wholemodule;
				SWIFT_OPTIMIZATION_LEVEL = "-O";
				VALIDATE_PRODUCT = YES;
			};
			name = Release;
		};
		FAC497D927062E8600DB772D /* Debug */ = {
			isa = XCBuildConfiguration;
			buildSettings = {
				ASSETCATALOG_COMPILER_APPICON_NAME = AppIcon;
				ASSETCATALOG_COMPILER_GLOBAL_ACCENT_COLOR_NAME = AccentColor;
				CODE_SIGN_STYLE = Automatic;
				CURRENT_PROJECT_VERSION = 1;
				GENERATE_INFOPLIST_FILE = YES;
				INFOPLIST_FILE = TasbihApplication/Info.plist;
				INFOPLIST_KEY_UIApplicationSupportsIndirectInputEvents = YES;
				INFOPLIST_KEY_UILaunchStoryboardName = LaunchScreen;
				INFOPLIST_KEY_UIMainStoryboardFile = Main;
				INFOPLIST_KEY_UISupportedInterfaceOrientations_iPad = "UIInterfaceOrientationPortrait UIInterfaceOrientationPortraitUpsideDown UIInterfaceOrientationLandscapeLeft UIInterfaceOrientationLandscapeRight";
				INFOPLIST_KEY_UISupportedInterfaceOrientations_iPhone = "UIInterfaceOrientationPortrait UIInterfaceOrientationLandscapeLeft UIInterfaceOrientationLandscapeRight";
				LD_RUNPATH_SEARCH_PATHS = (
					"$(inherited)",
					"@executable_path/Frameworks",
				);
				MARKETING_VERSION = 1.0;
				PRODUCT_BUNDLE_IDENTIFIER = l.TasbihApplication;
				PRODUCT_NAME = "$(TARGET_NAME)";
				SWIFT_EMIT_LOC_STRINGS = YES;
				SWIFT_VERSION = 5.0;
				TARGETED_DEVICE_FAMILY = "1,2";
			};
			name = Debug;
		};
		FAC497DA27062E8600DB772D /* Release */ = {
			isa = XCBuildConfiguration;
			buildSettings = {
				ASSETCATALOG_COMPILER_APPICON_NAME = AppIcon;
				ASSETCATALOG_COMPILER_GLOBAL_ACCENT_COLOR_NAME = AccentColor;
				CODE_SIGN_STYLE = Automatic;
				CURRENT_PROJECT_VERSION = 1;
				GENERATE_INFOPLIST_FILE = YES;
				INFOPLIST_FILE = TasbihApplication/Info.plist;
				INFOPLIST_KEY_UIApplicationSupportsIndirectInputEvents = YES;
				INFOPLIST_KEY_UILaunchStoryboardName = LaunchScreen;
				INFOPLIST_KEY_UIMainStoryboardFile = Main;
				INFOPLIST_KEY_UISupportedInterfaceOrientations_iPad = "UIInterfaceOrientationPortrait UIInterfaceOrientationPortraitUpsideDown UIInterfaceOrientationLandscapeLeft UIInterfaceOrientationLandscapeRight";
				INFOPLIST_KEY_UISupportedInterfaceOrientations_iPhone = "UIInterfaceOrientationPortrait UIInterfaceOrientationLandscapeLeft UIInterfaceOrientationLandscapeRight";
				LD_RUNPATH_SEARCH_PATHS = (
					"$(inherited)",
					"@executable_path/Frameworks",
				);
				MARKETING_VERSION = 1.0;
				PRODUCT_BUNDLE_IDENTIFIER = l.TasbihApplication;
				PRODUCT_NAME = "$(TARGET_NAME)";
				SWIFT_EMIT_LOC_STRINGS = YES;
				SWIFT_VERSION = 5.0;
				TARGETED_DEVICE_FAMILY = "1,2";
			};
			name = Release;
		};
		FAC497DC27062E8600DB772D /* Debug */ = {
			isa = XCBuildConfiguration;
			buildSettings = {
				ALWAYS_EMBED_SWIFT_STANDARD_LIBRARIES = YES;
				BUNDLE_LOADER = "$(TEST_HOST)";
				CODE_SIGN_STYLE = Automatic;
				CURRENT_PROJECT_VERSION = 1;
				GENERATE_INFOPLIST_FILE = YES;
				IPHONEOS_DEPLOYMENT_TARGET = 15.0;
				LD_RUNPATH_SEARCH_PATHS = (
					"$(inherited)",
					"@executable_path/Frameworks",
					"@loader_path/Frameworks",
				);
				MARKETING_VERSION = 1.0;
				PRODUCT_BUNDLE_IDENTIFIER = l.TasbihApplicationTests;
				PRODUCT_NAME = "$(TARGET_NAME)";
				SWIFT_EMIT_LOC_STRINGS = NO;
				SWIFT_VERSION = 5.0;
				TARGETED_DEVICE_FAMILY = "1,2";
				TEST_HOST = "$(BUILT_PRODUCTS_DIR)/TasbihApplication.app/TasbihApplication";
			};
			name = Debug;
		};
		FAC497DD27062E8600DB772D /* Release */ = {
			isa = XCBuildConfiguration;
			buildSettings = {
				ALWAYS_EMBED_SWIFT_STANDARD_LIBRARIES = YES;
				BUNDLE_LOADER = "$(TEST_HOST)";
				CODE_SIGN_STYLE = Automatic;
				CURRENT_PROJECT_VERSION = 1;
				GENERATE_INFOPLIST_FILE = YES;
				IPHONEOS_DEPLOYMENT_TARGET = 15.0;
				LD_RUNPATH_SEARCH_PATHS = (
					"$(inherited)",
					"@executable_path/Frameworks",
					"@loader_path/Frameworks",
				);
				MARKETING_VERSION = 1.0;
				PRODUCT_BUNDLE_IDENTIFIER = l.TasbihApplicationTests;
				PRODUCT_NAME = "$(TARGET_NAME)";
				SWIFT_EMIT_LOC_STRINGS = NO;
				SWIFT_VERSION = 5.0;
				TARGETED_DEVICE_FAMILY = "1,2";
				TEST_HOST = "$(BUILT_PRODUCTS_DIR)/TasbihApplication.app/TasbihApplication";
			};
			name = Release;
		};
		FAC497DF27062E8600DB772D /* Debug */ = {
			isa = XCBuildConfiguration;
			buildSettings = {
				ALWAYS_EMBED_SWIFT_STANDARD_LIBRARIES = YES;
				CODE_SIGN_STYLE = Automatic;
				CURRENT_PROJECT_VERSION = 1;
				GENERATE_INFOPLIST_FILE = YES;
				LD_RUNPATH_SEARCH_PATHS = (
					"$(inherited)",
					"@executable_path/Frameworks",
					"@loader_path/Frameworks",
				);
				MARKETING_VERSION = 1.0;
				PRODUCT_BUNDLE_IDENTIFIER = l.TasbihApplicationUITests;
				PRODUCT_NAME = "$(TARGET_NAME)";
				SWIFT_EMIT_LOC_STRINGS = NO;
				SWIFT_VERSION = 5.0;
				TARGETED_DEVICE_FAMILY = "1,2";
				TEST_TARGET_NAME = TasbihApplication;
			};
			name = Debug;
		};
		FAC497E027062E8600DB772D /* Release */ = {
			isa = XCBuildConfiguration;
			buildSettings = {
				ALWAYS_EMBED_SWIFT_STANDARD_LIBRARIES = YES;
				CODE_SIGN_STYLE = Automatic;
				CURRENT_PROJECT_VERSION = 1;
				GENERATE_INFOPLIST_FILE = YES;
				LD_RUNPATH_SEARCH_PATHS = (
					"$(inherited)",
					"@executable_path/Frameworks",
					"@loader_path/Frameworks",
				);
				MARKETING_VERSION = 1.0;
				PRODUCT_BUNDLE_IDENTIFIER = l.TasbihApplicationUITests;
				PRODUCT_NAME = "$(TARGET_NAME)";
				SWIFT_EMIT_LOC_STRINGS = NO;
				SWIFT_VERSION = 5.0;
				TARGETED_DEVICE_FAMILY = "1,2";
				TEST_TARGET_NAME = TasbihApplication;
			};
			name = Release;
		};
/* End XCBuildConfiguration section */

/* Begin XCConfigurationList section */
		FAC497A927062E8300DB772D /* Build configuration list for PBXProject "TasbihApplication" */ = {
			isa = XCConfigurationList;
			buildConfigurations = (
				FAC497D627062E8600DB772D /* Debug */,
				FAC497D727062E8600DB772D /* Release */,
			);
			defaultConfigurationIsVisible = 0;
			defaultConfigurationName = Release;
		};
		FAC497D827062E8600DB772D /* Build configuration list for PBXNativeTarget "TasbihApplication" */ = {
			isa = XCConfigurationList;
			buildConfigurations = (
				FAC497D927062E8600DB772D /* Debug */,
				FAC497DA27062E8600DB772D /* Release */,
			);
			defaultConfigurationIsVisible = 0;
			defaultConfigurationName = Release;
		};
		FAC497DB27062E8600DB772D /* Build configuration list for PBXNativeTarget "TasbihApplicationTests" */ = {
			isa = XCConfigurationList;
			buildConfigurations = (
				FAC497DC27062E8600DB772D /* Debug */,
				FAC497DD27062E8600DB772D /* Release */,
			);
			defaultConfigurationIsVisible = 0;
			defaultConfigurationName = Release;
		};
		FAC497DE27062E8600DB772D /* Build configuration list for PBXNativeTarget "TasbihApplicationUITests" */ = {
			isa = XCConfigurationList;
			buildConfigurations = (
				FAC497DF27062E8600DB772D /* Debug */,
				FAC497E027062E8600DB772D /* Release */,
			);
			defaultConfigurationIsVisible = 0;
			defaultConfigurationName = Release;
		};
/* End XCConfigurationList section */
	};
	rootObject = FAC497A627062E8300DB772D /* Project object */;
}
